// !$*UTF8*$!
{
	archiveVersion = 1;
	classes = {
	};
	objectVersion = 46;
	objects = {

/* Begin PBXBuildFile section */
		52983D851D07AC1A009C2D39 /* main.m in Sources */ = {isa = PBXBuildFile; fileRef = 52983D841D07AC1A009C2D39 /* main.m */; };
		52983D881D07AC1A009C2D39 /* AppDelegate.m in Sources */ = {isa = PBXBuildFile; fileRef = 52983D871D07AC1A009C2D39 /* AppDelegate.m */; };
		52983D8B1D07AC1A009C2D39 /* ViewController.m in Sources */ = {isa = PBXBuildFile; fileRef = 52983D8A1D07AC1A009C2D39 /* ViewController.m */; };
		52983D8E1D07AC1A009C2D39 /* Main.storyboard in Resources */ = {isa = PBXBuildFile; fileRef = 52983D8C1D07AC1A009C2D39 /* Main.storyboard */; };
		52983D901D07AC1A009C2D39 /* Assets.xcassets in Resources */ = {isa = PBXBuildFile; fileRef = 52983D8F1D07AC1A009C2D39 /* Assets.xcassets */; };
		52983D931D07AC1A009C2D39 /* LaunchScreen.storyboard in Resources */ = {isa = PBXBuildFile; fileRef = 52983D911D07AC1A009C2D39 /* LaunchScreen.storyboard */; };
		52983D9D1D07ACB6009C2D39 /* ZHDistrictManager.m in Sources */ = {isa = PBXBuildFile; fileRef = 52983D9C1D07ACB6009C2D39 /* ZHDistrictManager.m */; };
		52983DA31D07F3BE009C2D39 /* ZHState.m in Sources */ = {isa = PBXBuildFile; fileRef = 52983DA21D07F3BE009C2D39 /* ZHState.m */; };
		529C89D31D07F5FD0077950D /* Resource.bundle in Resources */ = {isa = PBXBuildFile; fileRef = 529C89D21D07F5FD0077950D /* Resource.bundle */; };
		529C89D61D07F81B0077950D /* ZHCity.m in Sources */ = {isa = PBXBuildFile; fileRef = 529C89D51D07F81B0077950D /* ZHCity.m */; };
		529C89D91D07F8AE0077950D /* ZHDistrict.m in Sources */ = {isa = PBXBuildFile; fileRef = 529C89D81D07F8AE0077950D /* ZHDistrict.m */; };
		529C89DC1D081F5F0077950D /* StateViewController.m in Sources */ = {isa = PBXBuildFile; fileRef = 529C89DB1D081F5F0077950D /* StateViewController.m */; };
		529C89DF1D0822D30077950D /* CityViewController.m in Sources */ = {isa = PBXBuildFile; fileRef = 529C89DE1D0822D30077950D /* CityViewController.m */; };
		529C89E21D0826B30077950D /* DistrictViewController.m in Sources */ = {isa = PBXBuildFile; fileRef = 529C89E11D0826B30077950D /* DistrictViewController.m */; };
/* End PBXBuildFile section */

/* Begin PBXFileReference section */
		52983D801D07AC1A009C2D39 /* ZhonghuaDistrict.app */ = {isa = PBXFileReference; explicitFileType = wrapper.application; includeInIndex = 0; path = ZhonghuaDistrict.app; sourceTree = BUILT_PRODUCTS_DIR; };
		52983D841D07AC1A009C2D39 /* main.m */ = {isa = PBXFileReference; lastKnownFileType = sourcecode.c.objc; path = main.m; sourceTree = "<group>"; };
		52983D861D07AC1A009C2D39 /* AppDelegate.h */ = {isa = PBXFileReference; lastKnownFileType = sourcecode.c.h; path = AppDelegate.h; sourceTree = "<group>"; };
		52983D871D07AC1A009C2D39 /* AppDelegate.m */ = {isa = PBXFileReference; lastKnownFileType = sourcecode.c.objc; path = AppDelegate.m; sourceTree = "<group>"; };
		52983D891D07AC1A009C2D39 /* ViewController.h */ = {isa = PBXFileReference; lastKnownFileType = sourcecode.c.h; path = ViewController.h; sourceTree = "<group>"; };
		52983D8A1D07AC1A009C2D39 /* ViewController.m */ = {isa = PBXFileReference; lastKnownFileType = sourcecode.c.objc; path = ViewController.m; sourceTree = "<group>"; };
		52983D8D1D07AC1A009C2D39 /* Base */ = {isa = PBXFileReference; lastKnownFileType = file.storyboard; name = Base; path = Base.lproj/Main.storyboard; sourceTree = "<group>"; };
		52983D8F1D07AC1A009C2D39 /* Assets.xcassets */ = {isa = PBXFileReference; lastKnownFileType = folder.assetcatalog; path = Assets.xcassets; sourceTree = "<group>"; };
		52983D921D07AC1A009C2D39 /* Base */ = {isa = PBXFileReference; lastKnownFileType = file.storyboard; name = Base; path = Base.lproj/LaunchScreen.storyboard; sourceTree = "<group>"; };
		52983D941D07AC1A009C2D39 /* Info.plist */ = {isa = PBXFileReference; lastKnownFileType = text.plist.xml; path = Info.plist; sourceTree = "<group>"; };
		52983D9B1D07ACB6009C2D39 /* ZHDistrictManager.h */ = {isa = PBXFileReference; fileEncoding = 4; lastKnownFileType = sourcecode.c.h; path = ZHDistrictManager.h; sourceTree = "<group>"; };
		52983D9C1D07ACB6009C2D39 /* ZHDistrictManager.m */ = {isa = PBXFileReference; fileEncoding = 4; lastKnownFileType = sourcecode.c.objc; path = ZHDistrictManager.m; sourceTree = "<group>"; };
		52983DA11D07F3BE009C2D39 /* ZHState.h */ = {isa = PBXFileReference; fileEncoding = 4; lastKnownFileType = sourcecode.c.h; path = ZHState.h; sourceTree = "<group>"; };
		52983DA21D07F3BE009C2D39 /* ZHState.m */ = {isa = PBXFileReference; fileEncoding = 4; lastKnownFileType = sourcecode.c.objc; path = ZHState.m; sourceTree = "<group>"; };
		529C89D21D07F5FD0077950D /* Resource.bundle */ = {isa = PBXFileReference; lastKnownFileType = "wrapper.plug-in"; path = Resource.bundle; sourceTree = "<group>"; };
		529C89D41D07F81B0077950D /* ZHCity.h */ = {isa = PBXFileReference; fileEncoding = 4; lastKnownFileType = sourcecode.c.h; path = ZHCity.h; sourceTree = "<group>"; };
		529C89D51D07F81B0077950D /* ZHCity.m */ = {isa = PBXFileReference; fileEncoding = 4; lastKnownFileType = sourcecode.c.objc; path = ZHCity.m; sourceTree = "<group>"; };
		529C89D71D07F8AE0077950D /* ZHDistrict.h */ = {isa = PBXFileReference; fileEncoding = 4; lastKnownFileType = sourcecode.c.h; path = ZHDistrict.h; sourceTree = "<group>"; };
		529C89D81D07F8AE0077950D /* ZHDistrict.m */ = {isa = PBXFileReference; fileEncoding = 4; lastKnownFileType = sourcecode.c.objc; path = ZHDistrict.m; sourceTree = "<group>"; };
		529C89DA1D081F5F0077950D /* StateViewController.h */ = {isa = PBXFileReference; fileEncoding = 4; lastKnownFileType = sourcecode.c.h; path = StateViewController.h; sourceTree = "<group>"; };
		529C89DB1D081F5F0077950D /* StateViewController.m */ = {isa = PBXFileReference; fileEncoding = 4; lastKnownFileType = sourcecode.c.objc; path = StateViewController.m; sourceTree = "<group>"; };
		529C89DD1D0822D30077950D /* CityViewController.h */ = {isa = PBXFileReference; fileEncoding = 4; lastKnownFileType = sourcecode.c.h; path = CityViewController.h; sourceTree = "<group>"; };
		529C89DE1D0822D30077950D /* CityViewController.m */ = {isa = PBXFileReference; fileEncoding = 4; lastKnownFileType = sourcecode.c.objc; path = CityViewController.m; sourceTree = "<group>"; };
		529C89E01D0826B30077950D /* DistrictViewController.h */ = {isa = PBXFileReference; fileEncoding = 4; lastKnownFileType = sourcecode.c.h; path = DistrictViewController.h; sourceTree = "<group>"; };
		529C89E11D0826B30077950D /* DistrictViewController.m */ = {isa = PBXFileReference; fileEncoding = 4; lastKnownFileType = sourcecode.c.objc; path = DistrictViewController.m; sourceTree = "<group>"; };
/* End PBXFileReference section */

/* Begin PBXFrameworksBuildPhase section */
		52983D7D1D07AC1A009C2D39 /* Frameworks */ = {
			isa = PBXFrameworksBuildPhase;
			buildActionMask = 2147483647;
			files = (
			);
			runOnlyForDeploymentPostprocessing = 0;
		};
/* End PBXFrameworksBuildPhase section */

/* Begin PBXGroup section */
		52983D771D07AC1A009C2D39 = {
			isa = PBXGroup;
			children = (
				52983D821D07AC1A009C2D39 /* ZhonghuaDistrict */,
				52983D811D07AC1A009C2D39 /* Products */,
			);
			sourceTree = "<group>";
		};
		52983D811D07AC1A009C2D39 /* Products */ = {
			isa = PBXGroup;
			children = (
				52983D801D07AC1A009C2D39 /* ZhonghuaDistrict.app */,
			);
			name = Products;
			sourceTree = "<group>";
		};
		52983D821D07AC1A009C2D39 /* ZhonghuaDistrict */ = {
			isa = PBXGroup;
			children = (
				52983D9A1D07AC2A009C2D39 /* ZHDistrict */,
				52983D861D07AC1A009C2D39 /* AppDelegate.h */,
				52983D871D07AC1A009C2D39 /* AppDelegate.m */,
				52983D891D07AC1A009C2D39 /* ViewController.h */,
				52983D8A1D07AC1A009C2D39 /* ViewController.m */,
				529C89DA1D081F5F0077950D /* StateViewController.h */,
				529C89DB1D081F5F0077950D /* StateViewController.m */,
				529C89DD1D0822D30077950D /* CityViewController.h */,
				529C89DE1D0822D30077950D /* CityViewController.m */,
				529C89E01D0826B30077950D /* DistrictViewController.h */,
				529C89E11D0826B30077950D /* DistrictViewController.m */,
				52983D8C1D07AC1A009C2D39 /* Main.storyboard */,
				52983D8F1D07AC1A009C2D39 /* Assets.xcassets */,
				52983D911D07AC1A009C2D39 /* LaunchScreen.storyboard */,
				52983D941D07AC1A009C2D39 /* Info.plist */,
				52983D831D07AC1A009C2D39 /* Supporting Files */,
			);
			path = ZhonghuaDistrict;
			sourceTree = "<group>";
		};
		52983D831D07AC1A009C2D39 /* Supporting Files */ = {
			isa = PBXGroup;
			children = (
				52983D841D07AC1A009C2D39 /* main.m */,
			);
			name = "Supporting Files";
			sourceTree = "<group>";
		};
		52983D9A1D07AC2A009C2D39 /* ZHDistrict */ = {
			isa = PBXGroup;
			children = (
				529C89D21D07F5FD0077950D /* Resource.bundle */,
				52983D9B1D07ACB6009C2D39 /* ZHDistrictManager.h */,
				52983D9C1D07ACB6009C2D39 /* ZHDistrictManager.m */,
				52983DA11D07F3BE009C2D39 /* ZHState.h */,
				52983DA21D07F3BE009C2D39 /* ZHState.m */,
				529C89D41D07F81B0077950D /* ZHCity.h */,
				529C89D51D07F81B0077950D /* ZHCity.m */,
				529C89D71D07F8AE0077950D /* ZHDistrict.h */,
				529C89D81D07F8AE0077950D /* ZHDistrict.m */,
			);
			name = ZHDistrict;
			path = ../ZHDistrict;
			sourceTree = "<group>";
		};
/* End PBXGroup section */

/* Begin PBXNativeTarget section */
		52983D7F1D07AC1A009C2D39 /* ZhonghuaDistrict */ = {
			isa = PBXNativeTarget;
			buildConfigurationList = 52983D971D07AC1A009C2D39 /* Build configuration list for PBXNativeTarget "ZhonghuaDistrict" */;
			buildPhases = (
				52983D7C1D07AC1A009C2D39 /* Sources */,
				52983D7D1D07AC1A009C2D39 /* Frameworks */,
				52983D7E1D07AC1A009C2D39 /* Resources */,
			);
			buildRules = (
			);
			dependencies = (
			);
			name = ZhonghuaDistrict;
			productName = ZhonghuaDistrict;
			productReference = 52983D801D07AC1A009C2D39 /* ZhonghuaDistrict.app */;
			productType = "com.apple.product-type.application";
		};
/* End PBXNativeTarget section */

/* Begin PBXProject section */
		52983D781D07AC1A009C2D39 /* Project object */ = {
			isa = PBXProject;
			attributes = {
				LastUpgradeCheck = 0730;
				ORGANIZATIONNAME = Darktt;
				TargetAttributes = {
					52983D7F1D07AC1A009C2D39 = {
						CreatedOnToolsVersion = 7.3.1;
					};
				};
			};
			buildConfigurationList = 52983D7B1D07AC1A009C2D39 /* Build configuration list for PBXProject "ZhonghuaDistrict" */;
			compatibilityVersion = "Xcode 3.2";
			developmentRegion = English;
			hasScannedForEncodings = 0;
			knownRegions = (
				en,
				Base,
			);
			mainGroup = 52983D771D07AC1A009C2D39;
			productRefGroup = 52983D811D07AC1A009C2D39 /* Products */;
			projectDirPath = "";
			projectRoot = "";
			targets = (
				52983D7F1D07AC1A009C2D39 /* ZhonghuaDistrict */,
			);
		};
/* End PBXProject section */

/* Begin PBXResourcesBuildPhase section */
		52983D7E1D07AC1A009C2D39 /* Resources */ = {
			isa = PBXResourcesBuildPhase;
			buildActionMask = 2147483647;
			files = (
				52983D931D07AC1A009C2D39 /* LaunchScreen.storyboard in Resources */,
				52983D901D07AC1A009C2D39 /* Assets.xcassets in Resources */,
				52983D8E1D07AC1A009C2D39 /* Main.storyboard in Resources */,
				529C89D31D07F5FD0077950D /* Resource.bundle in Resources */,
			);
			runOnlyForDeploymentPostprocessing = 0;
		};
/* End PBXResourcesBuildPhase section */

/* Begin PBXSourcesBuildPhase section */
		52983D7C1D07AC1A009C2D39 /* Sources */ = {
			isa = PBXSourcesBuildPhase;
			buildActionMask = 2147483647;
			files = (
				529C89DC1D081F5F0077950D /* StateViewController.m in Sources */,
				529C89D61D07F81B0077950D /* ZHCity.m in Sources */,
				52983D8B1D07AC1A009C2D39 /* ViewController.m in Sources */,
				52983D9D1D07ACB6009C2D39 /* ZHDistrictManager.m in Sources */,
				52983D881D07AC1A009C2D39 /* AppDelegate.m in Sources */,
				529C89D91D07F8AE0077950D /* ZHDistrict.m in Sources */,
				529C89DF1D0822D30077950D /* CityViewController.m in Sources */,
				52983DA31D07F3BE009C2D39 /* ZHState.m in Sources */,
				529C89E21D0826B30077950D /* DistrictViewController.m in Sources */,
				52983D851D07AC1A009C2D39 /* main.m in Sources */,
			);
			runOnlyForDeploymentPostprocessing = 0;
		};
/* End PBXSourcesBuildPhase section */

/* Begin PBXVariantGroup section */
		52983D8C1D07AC1A009C2D39 /* Main.storyboard */ = {
			isa = PBXVariantGroup;
			children = (
				52983D8D1D07AC1A009C2D39 /* Base */,
			);
			name = Main.storyboard;
			sourceTree = "<group>";
		};
		52983D911D07AC1A009C2D39 /* LaunchScreen.storyboard */ = {
			isa = PBXVariantGroup;
			children = (
				52983D921D07AC1A009C2D39 /* Base */,
			);
			name = LaunchScreen.storyboard;
			sourceTree = "<group>";
		};
/* End PBXVariantGroup section */

/* Begin XCBuildConfiguration section */
		52983D951D07AC1A009C2D39 /* Debug */ = {
			isa = XCBuildConfiguration;
			buildSettings = {
				ALWAYS_SEARCH_USER_PATHS = NO;
				CLANG_ANALYZER_NONNULL = YES;
				CLANG_CXX_LANGUAGE_STANDARD = "gnu++0x";
				CLANG_CXX_LIBRARY = "libc++";
				CLANG_ENABLE_MODULES = YES;
				CLANG_ENABLE_OBJC_ARC = YES;
				CLANG_WARN_BOOL_CONVERSION = YES;
				CLANG_WARN_CONSTANT_CONVERSION = YES;
				CLANG_WARN_DIRECT_OBJC_ISA_USAGE = YES_ERROR;
				CLANG_WARN_EMPTY_BODY = YES;
				CLANG_WARN_ENUM_CONVERSION = YES;
				CLANG_WARN_INT_CONVERSION = YES;
				CLANG_WARN_OBJC_ROOT_CLASS = YES_ERROR;
				CLANG_WARN_UNREACHABLE_CODE = YES;
				CLANG_WARN__DUPLICATE_METHOD_MATCH = YES;
				"CODE_SIGN_IDENTITY[sdk=iphoneos*]" = "iPhone Developer";
				COPY_PHASE_STRIP = NO;
				DEBUG_INFORMATION_FORMAT = dwarf;
				ENABLE_STRICT_OBJC_MSGSEND = YES;
				ENABLE_TESTABILITY = YES;
				GCC_C_LANGUAGE_STANDARD = gnu99;
				GCC_DYNAMIC_NO_PIC = NO;
				GCC_NO_COMMON_BLOCKS = YES;
				GCC_OPTIMIZATION_LEVEL = 0;
				GCC_PREPROCESSOR_DEFINITIONS = (
					"DEBUG=1",
					"$(inherited)",
				);
				GCC_WARN_64_TO_32_BIT_CONVERSION = YES;
				GCC_WARN_ABOUT_RETURN_TYPE = YES_ERROR;
				GCC_WARN_UNDECLARED_SELECTOR = YES;
				GCC_WARN_UNINITIALIZED_AUTOS = YES_AGGRESSIVE;
				GCC_WARN_UNUSED_FUNCTION = YES;
				GCC_WARN_UNUSED_VARIABLE = YES;
				IPHONEOS_DEPLOYMENT_TARGET = 9.3;
				MTL_ENABLE_DEBUG_INFO = YES;
				ONLY_ACTIVE_ARCH = YES;
				SDKROOT = iphoneos;
				TARGETED_DEVICE_FAMILY = "1,2";
			};
			name = Debug;
		};
		52983D961D07AC1A009C2D39 /* Release */ = {
			isa = XCBuildConfiguration;
			buildSettings = {
				ALWAYS_SEARCH_USER_PATHS = NO;
				CLANG_ANALYZER_NONNULL = YES;
				CLANG_CXX_LANGUAGE_STANDARD = "gnu++0x";
				CLANG_CXX_LIBRARY = "libc++";
				CLANG_ENABLE_MODULES = YES;
				CLANG_ENABLE_OBJC_ARC = YES;
				CLANG_WARN_BOOL_CONVERSION = YES;
				CLANG_WARN_CONSTANT_CONVERSION = YES;
				CLANG_WARN_DIRECT_OBJC_ISA_USAGE = YES_ERROR;
				CLANG_WARN_EMPTY_BODY = YES;
				CLANG_WARN_ENUM_CONVERSION = YES;
				CLANG_WARN_INT_CONVERSION = YES;
				CLANG_WARN_OBJC_ROOT_CLASS = YES_ERROR;
				CLANG_WARN_UNREACHABLE_CODE = YES;
				CLANG_WARN__DUPLICATE_METHOD_MATCH = YES;
				"CODE_SIGN_IDENTITY[sdk=iphoneos*]" = "iPhone Developer";
				COPY_PHASE_STRIP = NO;
				DEBUG_INFORMATION_FORMAT = "dwarf-with-dsym";
				ENABLE_NS_ASSERTIONS = NO;
				ENABLE_STRICT_OBJC_MSGSEND = YES;
				GCC_C_LANGUAGE_STANDARD = gnu99;
				GCC_NO_COMMON_BLOCKS = YES;
				GCC_WARN_64_TO_32_BIT_CONVERSION = YES;
				GCC_WARN_ABOUT_RETURN_TYPE = YES_ERROR;
				GCC_WARN_UNDECLARED_SELECTOR = YES;
				GCC_WARN_UNINITIALIZED_AUTOS = YES_AGGRESSIVE;
				GCC_WARN_UNUSED_FUNCTION = YES;
				GCC_WARN_UNUSED_VARIABLE = YES;
				IPHONEOS_DEPLOYMENT_TARGET = 9.3;
				MTL_ENABLE_DEBUG_INFO = NO;
				SDKROOT = iphoneos;
				TARGETED_DEVICE_FAMILY = "1,2";
				VALIDATE_PRODUCT = YES;
			};
			name = Release;
		};
		52983D981D07AC1A009C2D39 /* Debug */ = {
			isa = XCBuildConfiguration;
			buildSettings = {
				ASSETCATALOG_COMPILER_APPICON_NAME = AppIcon;
				CLANG_ENABLE_OBJC_ARC = NO;
				INFOPLIST_FILE = ZhonghuaDistrict/Info.plist;
				LD_RUNPATH_SEARCH_PATHS = "$(inherited) @executable_path/Frameworks";
				PRODUCT_BUNDLE_IDENTIFIER = com.darktt.ZhonghuaDistrict;
				PRODUCT_NAME = "$(TARGET_NAME)";
			};
			name = Debug;
		};
		52983D991D07AC1A009C2D39 /* Release */ = {
			isa = XCBuildConfiguration;
			buildSettings = {
				ASSETCATALOG_COMPILER_APPICON_NAME = AppIcon;
				CLANG_ENABLE_OBJC_ARC = NO;
				INFOPLIST_FILE = ZhonghuaDistrict/Info.plist;
				LD_RUNPATH_SEARCH_PATHS = "$(inherited) @executable_path/Frameworks";
				PRODUCT_BUNDLE_IDENTIFIER = com.darktt.ZhonghuaDistrict;
				PRODUCT_NAME = "$(TARGET_NAME)";
			};
			name = Release;
		};
/* End XCBuildConfiguration section */

/* Begin XCConfigurationList section */
		52983D7B1D07AC1A009C2D39 /* Build configuration list for PBXProject "ZhonghuaDistrict" */ = {
			isa = XCConfigurationList;
			buildConfigurations = (
				52983D951D07AC1A009C2D39 /* Debug */,
				52983D961D07AC1A009C2D39 /* Release */,
			);
			defaultConfigurationIsVisible = 0;
			defaultConfigurationName = Release;
		};
		52983D971D07AC1A009C2D39 /* Build configuration list for PBXNativeTarget "ZhonghuaDistrict" */ = {
			isa = XCConfigurationList;
			buildConfigurations = (
				52983D981D07AC1A009C2D39 /* Debug */,
				52983D991D07AC1A009C2D39 /* Release */,
			);
			defaultConfigurationIsVisible = 0;
			defaultConfigurationName = Release;
		};
/* End XCConfigurationList section */
	};
	rootObject = 52983D781D07AC1A009C2D39 /* Project object */;
}
